
Microsoft Visual Studio Solution File, Format Version 12.00
# Visual Studio Version 17
VisualStudioVersion = 17.7.34202.233
MinimumVisualStudioVersion = 10.0.40219.1
Project("{FAE04EC0-301F-11D3-BF4B-00C04F79EFBC}") = "atv7", "atv7.csproj", "{62A1B3F6-0211-4195-BAD4-557D8AC69EA6}"
EndProject
Global
	GlobalSection(SolutionConfigurationPlatforms) = preSolution
		Debug|Any CPU = Debug|Any CPU
		Release|Any CPU = Release|Any CPU
	EndGlobalSection
	GlobalSection(ProjectConfigurationPlatforms) = postSolution
		{62A1B3F6-0211-4195-BAD4-557D8AC69EA6}.Debug|Any CPU.ActiveCfg = Debug|Any CPU
		{62A1B3F6-0211-4195-BAD4-557D8AC69EA6}.Debug|Any CPU.Build.0 = Debug|Any CPU
		{62A1B3F6-0211-4195-BAD4-557D8AC69EA6}.Release|Any CPU.ActiveCfg = Release|Any CPU
		{62A1B3F6-0211-4195-BAD4-557D8AC69EA6}.Release|Any CPU.Build.0 = Release|Any CPU
	EndGlobalSection
	GlobalSection(SolutionProperties) = preSolution
		HideSolutionNode = FALSE
	EndGlobalSection
	GlobalSection(ExtensibilityGlobals) = postSolution
		SolutionGuid = {E8996B6F-953F-4021-8019-72E21680432A}
	EndGlobalSection
EndGlobal
